
Microsoft Visual Studio Solution File, Format Version 12.00
# Visual Studio Version 17
VisualStudioVersion = 17.7.34031.279
MinimumVisualStudioVersion = 10.0.40219.1
Project("{FAE04EC0-301F-11D3-BF4B-00C04F79EFBC}") = "ERS.Learn.Dapper.ConsoleApp", "ERS.Learn.Dapper.ConsoleApp\ERS.Learn.Dapper.ConsoleApp.csproj", "{4E6D01BF-A6EC-4864-BFB3-8B31CBB63142}"
EndProject
Global
	GlobalSection(SolutionConfigurationPlatforms) = preSolution
		Debug|Any CPU = Debug|Any CPU
		Release|Any CPU = Release|Any CPU
	EndGlobalSection
	GlobalSection(ProjectConfigurationPlatforms) = postSolution
		{4E6D01BF-A6EC-4864-BFB3-8B31CBB63142}.Debug|Any CPU.ActiveCfg = Debug|Any CPU
		{4E6D01BF-A6EC-4864-BFB3-8B31CBB63142}.Debug|Any CPU.Build.0 = Debug|Any CPU
		{4E6D01BF-A6EC-4864-BFB3-8B31CBB63142}.Release|Any CPU.ActiveCfg = Release|Any CPU
		{4E6D01BF-A6EC-4864-BFB3-8B31CBB63142}.Release|Any CPU.Build.0 = Release|Any CPU
	EndGlobalSection
	GlobalSection(SolutionProperties) = preSolution
		HideSolutionNode = FALSE
	EndGlobalSection
	GlobalSection(ExtensibilityGlobals) = postSolution
		SolutionGuid = {6EDD4A83-3B18-4FF3-A3EB-0D843794E017}
	EndGlobalSection
EndGlobal
